PODS:
  - FlutterMacOS (1.0.0)
  - lsl_plugin (0.0.1):
    - FlutterMacOS

DEPENDENCIES:
  - FlutterMacOS (from `Flutter/ephemeral`)
  - lsl_plugin (from `Flutter/ephemeral/.symlinks/plugins/lsl_plugin/macos`)

EXTERNAL SOURCES:
  FlutterMacOS:
    :path: Flutter/ephemeral
  lsl_plugin:
    :path: Flutter/ephemeral/.symlinks/plugins/lsl_plugin/macos

SPEC CHECKSUMS:
  FlutterMacOS: 8f6f14fa908a6fb3fba0cd85dbd81ec4b251fb24
  lsl_plugin: 0935fb5bc0c5069b7fee8c5b01cde51f39f77501

PODFILE CHECKSUM: 236401fc2c932af29a9fcf0e97baeeb2d750d367

COCOAPODS: 1.15.2
